<Solution>
  <Folder Name="/Solution Items/">
    <File Path=".dockerignore" />
    <File Path=".editorconfig" />
    <File Path=".gitattributes" />
    <File Path=".gitignore" />
    <File Path="Directory.Build.props" />
    <File Path="README.md" />
    <File Path="compose.yaml" />
  </Folder>
  <Folder Name="/docs/">
    <File Path="docs/printer-tls.md" />
    <File Path="docs/prusa-connect-cameras.md" />
    <File Path="docs/prusa-connect-mobile-app.jsonopenapi" />
    <File Path="docs/prusa-link-openapi.yaml" />
    <File Path="docs/prusa-slicer-integration.md" />
  </Folder>
  <Project Path="Homespool.Data/Homespool.Data.csproj" />
  <Project Path="Homespool.FakePrinter.Cli/Homespool.FakePrinter.Cli.csproj" />
  <Project Path="Homespool.FakePrinter.Test/Homespool.FakePrinter.Test.csproj" />
  <Project Path="Homespool.FakePrinter/Homespool.FakePrinter.csproj" />
  <Project Path="Homespool.Host.E2ETest/Homespool.Host.E2ETest.csproj" />
  <Project Path="Homespool.Host.IntegrationTest/Homespool.Host.IntegrationTest.csproj" />
  <Project Path="Homespool.Host.Test/Homespool.Host.Test.csproj" />
  <Project Path="Homespool.Host/Homespool.Host.csproj" />
  <Project Path="Homespool.Model/Homespool.Model.csproj" />
</Solution>
