<Solution>
  <Folder Name="/Solution Items/">
    <File Path="compose.yaml" />
  </Folder>
  <Project Path="PrinterService.Data/PrinterService.Data.csproj" />
  <Project Path="PrinterService.Host.IntegrationTest/PrinterService.Host.IntegrationTest.csproj" />
  <Project Path="PrinterService.Host.Test\PrinterService.Host.Test.csproj" />
  <Project Path="PrinterService.Host\PrinterService.Host.csproj" />
  <Project Path="PrinterService.Model\PrinterService.Model.csproj" />
</Solution>
