{
  "version": 1,
  "dependencies": {
    "net10.0": {
      "Microsoft.VisualStudio.Threading.Analyzers": {
        "type": "Direct",
        "requested": "[18.7.23, )",
        "resolved": "18.7.23",
        "contentHash": "dyj6z8m+LFjpeH69hdnciCcRCmD0YgMlvuQEywiEshjqj/blgQ+PuWX8Vd5gkWQFoBN4e+TFxx6DvGNSv/gIKg=="
      },
      "StyleCop.Analyzers.Unstable": {
        "type": "Direct",
        "requested": "[1.2.0.556, )",
        "resolved": "1.2.0.556",
        "contentHash": "zvn9Mqs/ox/83cpYPignI8hJEM2A93s2HkHs8HYMOAQW0PkampyoErAiIyKxgTLqbbad29HX/shv/6LGSjPJNQ=="
      },
      "UsingLayoutAnalyser": {
        "type": "Direct",
        "requested": "[0.3.0, )",
        "resolved": "0.3.0",
        "contentHash": "Doz5ATRdbVC7anvTXAmzF92hgP3TPXfW66FLOf5t1InLvUUumW09+OWolos+bqCXxdACPzoQa5SiDGsaVVIxew=="
      }
    }
  }
}